
Microsoft Visual Studio Solution File, Format Version 12.00
# Visual Studio Version 17
VisualStudioVersion = 17.0.32014.148
MinimumVisualStudioVersion = 10.0.40219.1
Project("{8BC9CEB8-8B4A-11D0-8D11-00A0C91BC942}") = "LAB CYCLE 1 Area of different shape", "LAB CYCLE 1 Area of different shape.vcxproj", "{14B37693-B841-459B-813E-19F2E887D15B}"
EndProject
Global
	GlobalSection(SolutionConfigurationPlatforms) = preSolution
		Debug|x64 = Debug|x64
		Debug|x86 = Debug|x86
		Release|x64 = Release|x64
		Release|x86 = Release|x86
	EndGlobalSection
	GlobalSection(ProjectConfigurationPlatforms) = postSolution
		{14B37693-B841-459B-813E-19F2E887D15B}.Debug|x64.ActiveCfg = Debug|x64
		{14B37693-B841-459B-813E-19F2E887D15B}.Debug|x64.Build.0 = Debug|x64
		{14B37693-B841-459B-813E-19F2E887D15B}.Debug|x86.ActiveCfg = Debug|Win32
		{14B37693-B841-459B-813E-19F2E887D15B}.Debug|x86.Build.0 = Debug|Win32
		{14B37693-B841-459B-813E-19F2E887D15B}.Release|x64.ActiveCfg = Release|x64
		{14B37693-B841-459B-813E-19F2E887D15B}.Release|x64.Build.0 = Release|x64
		{14B37693-B841-459B-813E-19F2E887D15B}.Release|x86.ActiveCfg = Release|Win32
		{14B37693-B841-459B-813E-19F2E887D15B}.Release|x86.Build.0 = Release|Win32
	EndGlobalSection
	GlobalSection(SolutionProperties) = preSolution
		HideSolutionNode = FALSE
	EndGlobalSection
	GlobalSection(ExtensibilityGlobals) = postSolution
		SolutionGuid = {D5552199-FDA3-4ED9-B923-17302C31A983}
	EndGlobalSection
EndGlobal
